
Microsoft Visual Studio Solution File, Format Version 12.00
# Visual Studio 15
VisualStudioVersion = 15.0.28307.271
MinimumVisualStudioVersion = 10.0.40219.1
Project("{FAE04EC0-301F-11D3-BF4B-00C04F79EFBC}") = "Tonight", "Tonight.csproj", "{95B76273-71EA-4CC3-BBCF-5D1AD12E94CF}"
EndProject
Global
	GlobalSection(SolutionConfigurationPlatforms) = preSolution
		Debug|Any CPU = Debug|Any CPU
		Release|Any CPU = Release|Any CPU
	EndGlobalSection
	GlobalSection(ProjectConfigurationPlatforms) = postSolution
		{95B76273-71EA-4CC3-BBCF-5D1AD12E94CF}.Debug|Any CPU.ActiveCfg = Debug|Any CPU
		{95B76273-71EA-4CC3-BBCF-5D1AD12E94CF}.Debug|Any CPU.Build.0 = Debug|Any CPU
		{95B76273-71EA-4CC3-BBCF-5D1AD12E94CF}.Release|Any CPU.ActiveCfg = Release|Any CPU
		{95B76273-71EA-4CC3-BBCF-5D1AD12E94CF}.Release|Any CPU.Build.0 = Release|Any CPU
	EndGlobalSection
	GlobalSection(SolutionProperties) = preSolution
		HideSolutionNode = FALSE
	EndGlobalSection
	GlobalSection(ExtensibilityGlobals) = postSolution
		SolutionGuid = {A7829EEB-325A-43E4-BD67-848A26F11862}
	EndGlobalSection
EndGlobal
